// !$*UTF8*$!
{
	archiveVersion = 1;
	classes = {
	};
	objectVersion = 46;
	objects = {

/* Begin PBXBuildFile section */
		B4074E8713ECD09900438E01 /* Cocoa.framework in Frameworks */ = {isa = PBXBuildFile; fileRef = B4074E8613ECD09900438E01 /* Cocoa.framework */; };
		B4074E9113ECD09900438E01 /* InfoPlist.strings in Resources */ = {isa = PBXBuildFile; fileRef = B4074E8F13ECD09900438E01 /* InfoPlist.strings */; };
		B4074E9313ECD09900438E01 /* main.m in Sources */ = {isa = PBXBuildFile; fileRef = B4074E9213ECD09900438E01 /* main.m */; };
		B4074E9713ECD09900438E01 /* Credits.rtf in Resources */ = {isa = PBXBuildFile; fileRef = B4074E9513ECD09900438E01 /* Credits.rtf */; };
		B4074E9A13ECD09900438E01 /* XManagerAppDelegate.m in Sources */ = {isa = PBXBuildFile; fileRef = B4074E9913ECD09900438E01 /* XManagerAppDelegate.m */; };
		B4074E9D13ECD09900438E01 /* MainMenu.xib in Resources */ = {isa = PBXBuildFile; fileRef = B4074E9B13ECD09900438E01 /* MainMenu.xib */; };
		B4074EA513ECD09900438E01 /* SenTestingKit.framework in Frameworks */ = {isa = PBXBuildFile; fileRef = B4074EA413ECD09900438E01 /* SenTestingKit.framework */; };
		B4074EA613ECD09900438E01 /* Cocoa.framework in Frameworks */ = {isa = PBXBuildFile; fileRef = B4074E8613ECD09900438E01 /* Cocoa.framework */; };
		B4074EAE13ECD09900438E01 /* InfoPlist.strings in Resources */ = {isa = PBXBuildFile; fileRef = B4074EAC13ECD09900438E01 /* InfoPlist.strings */; };
		B4074EB013ECD09900438E01 /* XManagerTests.h in Resources */ = {isa = PBXBuildFile; fileRef = B4074EAF13ECD09900438E01 /* XManagerTests.h */; };
		B4074EB213ECD09900438E01 /* XManagerTests.m in Sources */ = {isa = PBXBuildFile; fileRef = B4074EB113ECD09900438E01 /* XManagerTests.m */; };
		B4074EBD13ECD0F000438E01 /* FileManager.m in Sources */ = {isa = PBXBuildFile; fileRef = B4074EBC13ECD0F000438E01 /* FileManager.m */; };
		B40F8A7D13F1176A003D14C0 /* FileSystemDataSource.m in Sources */ = {isa = PBXBuildFile; fileRef = B40F8A7C13F1176A003D14C0 /* FileSystemDataSource.m */; };
		B47B332113F9A32800884E4E /* FtpParams.m in Sources */ = {isa = PBXBuildFile; fileRef = B47B332013F9A32800884E4E /* FtpParams.m */; };
		B480195E13F538FF00E33745 /* TableView.m in Sources */ = {isa = PBXBuildFile; fileRef = B480195D13F538FF00E33745 /* TableView.m */; };
		B4BF189C13ED5C6C005EC652 /* SidePanel.m in Sources */ = {isa = PBXBuildFile; fileRef = B4BF189B13ED5C6C005EC652 /* SidePanel.m */; };
		B4C60FF713F851B500D490B8 /* NetworkConnectionPanel.m in Sources */ = {isa = PBXBuildFile; fileRef = B4C60FF613F851B500D490B8 /* NetworkConnectionPanel.m */; };
		B4DAF08A13FA8B270000BA35 /* FtpDataSource.m in Sources */ = {isa = PBXBuildFile; fileRef = B4DAF08913FA8B270000BA35 /* FtpDataSource.m */; };
		B4FE0F8C13F8EE84003B45E3 /* FileSystemItem.m in Sources */ = {isa = PBXBuildFile; fileRef = B4FE0F8B13F8EE84003B45E3 /* FileSystemItem.m */; };
/* End PBXBuildFile section */

/* Begin PBXContainerItemProxy section */
		B4074EA713ECD09900438E01 /* PBXContainerItemProxy */ = {
			isa = PBXContainerItemProxy;
			containerPortal = B4074E7913ECD09800438E01 /* Project object */;
			proxyType = 1;
			remoteGlobalIDString = B4074E8113ECD09800438E01;
			remoteInfo = XManager;
		};
/* End PBXContainerItemProxy section */

/* Begin PBXFileReference section */
		B4074E8213ECD09900438E01 /* XManager.app */ = {isa = PBXFileReference; explicitFileType = wrapper.application; includeInIndex = 0; path = XManager.app; sourceTree = BUILT_PRODUCTS_DIR; };
		B4074E8613ECD09900438E01 /* Cocoa.framework */ = {isa = PBXFileReference; lastKnownFileType = wrapper.framework; name = Cocoa.framework; path = System/Library/Frameworks/Cocoa.framework; sourceTree = SDKROOT; };
		B4074E8913ECD09900438E01 /* AppKit.framework */ = {isa = PBXFileReference; lastKnownFileType = wrapper.framework; name = AppKit.framework; path = System/Library/Frameworks/AppKit.framework; sourceTree = SDKROOT; };
		B4074E8A13ECD09900438E01 /* CoreData.framework */ = {isa = PBXFileReference; lastKnownFileType = wrapper.framework; name = CoreData.framework; path = System/Library/Frameworks/CoreData.framework; sourceTree = SDKROOT; };
		B4074E8B13ECD09900438E01 /* Foundation.framework */ = {isa = PBXFileReference; lastKnownFileType = wrapper.framework; name = Foundation.framework; path = System/Library/Frameworks/Foundation.framework; sourceTree = SDKROOT; };
		B4074E8E13ECD09900438E01 /* XManager-Info.plist */ = {isa = PBXFileReference; lastKnownFileType = text.plist.xml; path = "XManager-Info.plist"; sourceTree = "<group>"; };
		B4074E9013ECD09900438E01 /* en */ = {isa = PBXFileReference; lastKnownFileType = text.plist.strings; name = en; path = en.lproj/InfoPlist.strings; sourceTree = "<group>"; };
		B4074E9213ECD09900438E01 /* main.m */ = {isa = PBXFileReference; lastKnownFileType = sourcecode.c.objc; path = main.m; sourceTree = "<group>"; };
		B4074E9413ECD09900438E01 /* XManager-Prefix.pch */ = {isa = PBXFileReference; lastKnownFileType = sourcecode.c.h; path = "XManager-Prefix.pch"; sourceTree = "<group>"; };
		B4074E9613ECD09900438E01 /* en */ = {isa = PBXFileReference; lastKnownFileType = text.rtf; name = en; path = en.lproj/Credits.rtf; sourceTree = "<group>"; };
		B4074E9813ECD09900438E01 /* XManagerAppDelegate.h */ = {isa = PBXFileReference; lastKnownFileType = sourcecode.c.h; path = XManagerAppDelegate.h; sourceTree = "<group>"; };
		B4074E9913ECD09900438E01 /* XManagerAppDelegate.m */ = {isa = PBXFileReference; lastKnownFileType = sourcecode.c.objc; path = XManagerAppDelegate.m; sourceTree = "<group>"; };
		B4074E9C13ECD09900438E01 /* en */ = {isa = PBXFileReference; lastKnownFileType = file.xib; name = en; path = en.lproj/MainMenu.xib; sourceTree = "<group>"; };
		B4074EA313ECD09900438E01 /* XManagerTests.octest */ = {isa = PBXFileReference; explicitFileType = wrapper.cfbundle; includeInIndex = 0; path = XManagerTests.octest; sourceTree = BUILT_PRODUCTS_DIR; };
		B4074EA413ECD09900438E01 /* SenTestingKit.framework */ = {isa = PBXFileReference; lastKnownFileType = wrapper.framework; name = SenTestingKit.framework; path = Library/Frameworks/SenTestingKit.framework; sourceTree = DEVELOPER_DIR; };
		B4074EAB13ECD09900438E01 /* XManagerTests-Info.plist */ = {isa = PBXFileReference; lastKnownFileType = text.plist.xml; path = "XManagerTests-Info.plist"; sourceTree = "<group>"; };
		B4074EAD13ECD09900438E01 /* en */ = {isa = PBXFileReference; lastKnownFileType = text.plist.strings; name = en; path = en.lproj/InfoPlist.strings; sourceTree = "<group>"; };
		B4074EAF13ECD09900438E01 /* XManagerTests.h */ = {isa = PBXFileReference; lastKnownFileType = sourcecode.c.h; path = XManagerTests.h; sourceTree = "<group>"; };
		B4074EB113ECD09900438E01 /* XManagerTests.m */ = {isa = PBXFileReference; lastKnownFileType = sourcecode.c.objc; path = XManagerTests.m; sourceTree = "<group>"; };
		B4074EBB13ECD0F000438E01 /* FileManager.h */ = {isa = PBXFileReference; fileEncoding = 4; lastKnownFileType = sourcecode.c.h; path = FileManager.h; sourceTree = "<group>"; };
		B4074EBC13ECD0F000438E01 /* FileManager.m */ = {isa = PBXFileReference; fileEncoding = 4; lastKnownFileType = sourcecode.c.objc; path = FileManager.m; sourceTree = "<group>"; };
		B40F8A7B13F1176A003D14C0 /* FileSystemDataSource.h */ = {isa = PBXFileReference; fileEncoding = 4; lastKnownFileType = sourcecode.c.h; name = FileSystemDataSource.h; path = ../FileSystemDataSource.h; sourceTree = "<group>"; };
		B40F8A7C13F1176A003D14C0 /* FileSystemDataSource.m */ = {isa = PBXFileReference; fileEncoding = 4; lastKnownFileType = sourcecode.c.objc; name = FileSystemDataSource.m; path = ../FileSystemDataSource.m; sourceTree = "<group>"; };
		B477EFF513F582E9001F56F3 /* SidePanelProtocol.h */ = {isa = PBXFileReference; fileEncoding = 4; lastKnownFileType = sourcecode.c.h; name = SidePanelProtocol.h; path = ../SidePanelProtocol.h; sourceTree = "<group>"; };
		B47B331F13F9A32800884E4E /* FtpParams.h */ = {isa = PBXFileReference; fileEncoding = 4; lastKnownFileType = sourcecode.c.h; path = FtpParams.h; sourceTree = "<group>"; };
		B47B332013F9A32800884E4E /* FtpParams.m */ = {isa = PBXFileReference; fileEncoding = 4; lastKnownFileType = sourcecode.c.objc; path = FtpParams.m; sourceTree = "<group>"; };
		B480195C13F538FF00E33745 /* TableView.h */ = {isa = PBXFileReference; fileEncoding = 4; lastKnownFileType = sourcecode.c.h; path = TableView.h; sourceTree = "<group>"; };
		B480195D13F538FF00E33745 /* TableView.m */ = {isa = PBXFileReference; fileEncoding = 4; lastKnownFileType = sourcecode.c.objc; path = TableView.m; sourceTree = "<group>"; };
		B4BF189A13ED5C6C005EC652 /* SidePanel.h */ = {isa = PBXFileReference; fileEncoding = 4; lastKnownFileType = sourcecode.c.h; name = SidePanel.h; path = ../SidePanel.h; sourceTree = "<group>"; };
		B4BF189B13ED5C6C005EC652 /* SidePanel.m */ = {isa = PBXFileReference; fileEncoding = 4; lastKnownFileType = sourcecode.c.objc; name = SidePanel.m; path = ../SidePanel.m; sourceTree = "<group>"; };
		B4C60FF513F851B500D490B8 /* NetworkConnectionPanel.h */ = {isa = PBXFileReference; fileEncoding = 4; lastKnownFileType = sourcecode.c.h; path = NetworkConnectionPanel.h; sourceTree = "<group>"; };
		B4C60FF613F851B500D490B8 /* NetworkConnectionPanel.m */ = {isa = PBXFileReference; fileEncoding = 4; lastKnownFileType = sourcecode.c.objc; path = NetworkConnectionPanel.m; sourceTree = "<group>"; };
		B4DAF08813FA8B270000BA35 /* FtpDataSource.h */ = {isa = PBXFileReference; fileEncoding = 4; lastKnownFileType = sourcecode.c.h; path = FtpDataSource.h; sourceTree = SOURCE_ROOT; };
		B4DAF08913FA8B270000BA35 /* FtpDataSource.m */ = {isa = PBXFileReference; fileEncoding = 4; lastKnownFileType = sourcecode.c.objc; path = FtpDataSource.m; sourceTree = SOURCE_ROOT; };
		B4FE0F8A13F8EE84003B45E3 /* FileSystemItem.h */ = {isa = PBXFileReference; fileEncoding = 4; lastKnownFileType = sourcecode.c.h; path = FileSystemItem.h; sourceTree = SOURCE_ROOT; };
		B4FE0F8B13F8EE84003B45E3 /* FileSystemItem.m */ = {isa = PBXFileReference; fileEncoding = 4; lastKnownFileType = sourcecode.c.objc; path = FileSystemItem.m; sourceTree = SOURCE_ROOT; };
/* End PBXFileReference section */

/* Begin PBXFrameworksBuildPhase section */
		B4074E7F13ECD09800438E01 /* Frameworks */ = {
			isa = PBXFrameworksBuildPhase;
			buildActionMask = 2147483647;
			files = (
				B4074E8713ECD09900438E01 /* Cocoa.framework in Frameworks */,
			);
			runOnlyForDeploymentPostprocessing = 0;
		};
		B4074E9F13ECD09900438E01 /* Frameworks */ = {
			isa = PBXFrameworksBuildPhase;
			buildActionMask = 2147483647;
			files = (
				B4074EA513ECD09900438E01 /* SenTestingKit.framework in Frameworks */,
				B4074EA613ECD09900438E01 /* Cocoa.framework in Frameworks */,
			);
			runOnlyForDeploymentPostprocessing = 0;
		};
/* End PBXFrameworksBuildPhase section */

/* Begin PBXGroup section */
		B4074E7713ECD09800438E01 = {
			isa = PBXGroup;
			children = (
				B4074E8C13ECD09900438E01 /* XManager */,
				B4074EA913ECD09900438E01 /* XManagerTests */,
				B4074E8513ECD09900438E01 /* Frameworks */,
				B4074E8313ECD09900438E01 /* Products */,
			);
			sourceTree = "<group>";
		};
		B4074E8313ECD09900438E01 /* Products */ = {
			isa = PBXGroup;
			children = (
				B4074E8213ECD09900438E01 /* XManager.app */,
				B4074EA313ECD09900438E01 /* XManagerTests.octest */,
			);
			name = Products;
			sourceTree = "<group>";
		};
		B4074E8513ECD09900438E01 /* Frameworks */ = {
			isa = PBXGroup;
			children = (
				B4074E8613ECD09900438E01 /* Cocoa.framework */,
				B4074EA413ECD09900438E01 /* SenTestingKit.framework */,
				B4074E8813ECD09900438E01 /* Other Frameworks */,
			);
			name = Frameworks;
			sourceTree = "<group>";
		};
		B4074E8813ECD09900438E01 /* Other Frameworks */ = {
			isa = PBXGroup;
			children = (
				B4074E8913ECD09900438E01 /* AppKit.framework */,
				B4074E8A13ECD09900438E01 /* CoreData.framework */,
				B4074E8B13ECD09900438E01 /* Foundation.framework */,
			);
			name = "Other Frameworks";
			sourceTree = "<group>";
		};
		B4074E8C13ECD09900438E01 /* XManager */ = {
			isa = PBXGroup;
			children = (
				B4074EBB13ECD0F000438E01 /* FileManager.h */,
				B4074EBC13ECD0F000438E01 /* FileManager.m */,
				B40F8A7B13F1176A003D14C0 /* FileSystemDataSource.h */,
				B40F8A7C13F1176A003D14C0 /* FileSystemDataSource.m */,
				B4FE0F8A13F8EE84003B45E3 /* FileSystemItem.h */,
				B4FE0F8B13F8EE84003B45E3 /* FileSystemItem.m */,
				B4DAF08813FA8B270000BA35 /* FtpDataSource.h */,
				B4DAF08913FA8B270000BA35 /* FtpDataSource.m */,
				B47B331F13F9A32800884E4E /* FtpParams.h */,
				B47B332013F9A32800884E4E /* FtpParams.m */,
				B477EFF513F582E9001F56F3 /* SidePanelProtocol.h */,
				B4C60FF513F851B500D490B8 /* NetworkConnectionPanel.h */,
				B4C60FF613F851B500D490B8 /* NetworkConnectionPanel.m */,
				B480195C13F538FF00E33745 /* TableView.h */,
				B480195D13F538FF00E33745 /* TableView.m */,
				B4BF189A13ED5C6C005EC652 /* SidePanel.h */,
				B4BF189B13ED5C6C005EC652 /* SidePanel.m */,
				B4074E9813ECD09900438E01 /* XManagerAppDelegate.h */,
				B4074E9913ECD09900438E01 /* XManagerAppDelegate.m */,
				B4074E9B13ECD09900438E01 /* MainMenu.xib */,
				B4074E8D13ECD09900438E01 /* Supporting Files */,
			);
			path = XManager;
			sourceTree = "<group>";
		};
		B4074E8D13ECD09900438E01 /* Supporting Files */ = {
			isa = PBXGroup;
			children = (
				B4074E8E13ECD09900438E01 /* XManager-Info.plist */,
				B4074E8F13ECD09900438E01 /* InfoPlist.strings */,
				B4074E9213ECD09900438E01 /* main.m */,
				B4074E9413ECD09900438E01 /* XManager-Prefix.pch */,
				B4074E9513ECD09900438E01 /* Credits.rtf */,
			);
			name = "Supporting Files";
			sourceTree = "<group>";
		};
		B4074EA913ECD09900438E01 /* XManagerTests */ = {
			isa = PBXGroup;
			children = (
				B4074EAF13ECD09900438E01 /* XManagerTests.h */,
				B4074EB113ECD09900438E01 /* XManagerTests.m */,
				B4074EAA13ECD09900438E01 /* Supporting Files */,
			);
			path = XManagerTests;
			sourceTree = "<group>";
		};
		B4074EAA13ECD09900438E01 /* Supporting Files */ = {
			isa = PBXGroup;
			children = (
				B4074EAB13ECD09900438E01 /* XManagerTests-Info.plist */,
				B4074EAC13ECD09900438E01 /* InfoPlist.strings */,
			);
			name = "Supporting Files";
			sourceTree = "<group>";
		};
/* End PBXGroup section */

/* Begin PBXNativeTarget section */
		B4074E8113ECD09800438E01 /* XManager */ = {
			isa = PBXNativeTarget;
			buildConfigurationList = B4074EB513ECD09900438E01 /* Build configuration list for PBXNativeTarget "XManager" */;
			buildPhases = (
				B4074E7E13ECD09800438E01 /* Sources */,
				B4074E7F13ECD09800438E01 /* Frameworks */,
				B4074E8013ECD09800438E01 /* Resources */,
			);
			buildRules = (
			);
			dependencies = (
			);
			name = XManager;
			productName = XManager;
			productReference = B4074E8213ECD09900438E01 /* XManager.app */;
			productType = "com.apple.product-type.application";
		};
		B4074EA213ECD09900438E01 /* XManagerTests */ = {
			isa = PBXNativeTarget;
			buildConfigurationList = B4074EB813ECD09900438E01 /* Build configuration list for PBXNativeTarget "XManagerTests" */;
			buildPhases = (
				B4074E9E13ECD09900438E01 /* Sources */,
				B4074E9F13ECD09900438E01 /* Frameworks */,
				B4074EA013ECD09900438E01 /* Resources */,
				B4074EA113ECD09900438E01 /* ShellScript */,
			);
			buildRules = (
			);
			dependencies = (
				B4074EA813ECD09900438E01 /* PBXTargetDependency */,
			);
			name = XManagerTests;
			productName = XManagerTests;
			productReference = B4074EA313ECD09900438E01 /* XManagerTests.octest */;
			productType = "com.apple.product-type.bundle";
		};
/* End PBXNativeTarget section */

/* Begin PBXProject section */
		B4074E7913ECD09800438E01 /* Project object */ = {
			isa = PBXProject;
			buildConfigurationList = B4074E7C13ECD09800438E01 /* Build configuration list for PBXProject "XManager" */;
			compatibilityVersion = "Xcode 3.2";
			developmentRegion = English;
			hasScannedForEncodings = 0;
			knownRegions = (
				en,
			);
			mainGroup = B4074E7713ECD09800438E01;
			productRefGroup = B4074E8313ECD09900438E01 /* Products */;
			projectDirPath = "";
			projectRoot = "";
			targets = (
				B4074E8113ECD09800438E01 /* XManager */,
				B4074EA213ECD09900438E01 /* XManagerTests */,
			);
		};
/* End PBXProject section */

/* Begin PBXResourcesBuildPhase section */
		B4074E8013ECD09800438E01 /* Resources */ = {
			isa = PBXResourcesBuildPhase;
			buildActionMask = 2147483647;
			files = (
				B4074E9113ECD09900438E01 /* InfoPlist.strings in Resources */,
				B4074E9713ECD09900438E01 /* Credits.rtf in Resources */,
				B4074E9D13ECD09900438E01 /* MainMenu.xib in Resources */,
			);
			runOnlyForDeploymentPostprocessing = 0;
		};
		B4074EA013ECD09900438E01 /* Resources */ = {
			isa = PBXResourcesBuildPhase;
			buildActionMask = 2147483647;
			files = (
				B4074EAE13ECD09900438E01 /* InfoPlist.strings in Resources */,
				B4074EB013ECD09900438E01 /* XManagerTests.h in Resources */,
			);
			runOnlyForDeploymentPostprocessing = 0;
		};
/* End PBXResourcesBuildPhase section */

/* Begin PBXShellScriptBuildPhase section */
		B4074EA113ECD09900438E01 /* ShellScript */ = {
			isa = PBXShellScriptBuildPhase;
			buildActionMask = 2147483647;
			files = (
			);
			inputPaths = (
			);
			outputPaths = (
			);
			runOnlyForDeploymentPostprocessing = 0;
			shellPath = /bin/sh;
			shellScript = "# Run the unit tests in this test bundle.\n\"${SYSTEM_DEVELOPER_DIR}/Tools/RunUnitTests\"\n";
		};
/* End PBXShellScriptBuildPhase section */

/* Begin PBXSourcesBuildPhase section */
		B4074E7E13ECD09800438E01 /* Sources */ = {
			isa = PBXSourcesBuildPhase;
			buildActionMask = 2147483647;
			files = (
				B4074E9313ECD09900438E01 /* main.m in Sources */,
				B4074E9A13ECD09900438E01 /* XManagerAppDelegate.m in Sources */,
				B4074EBD13ECD0F000438E01 /* FileManager.m in Sources */,
				B4BF189C13ED5C6C005EC652 /* SidePanel.m in Sources */,
				B40F8A7D13F1176A003D14C0 /* FileSystemDataSource.m in Sources */,
				B480195E13F538FF00E33745 /* TableView.m in Sources */,
				B4C60FF713F851B500D490B8 /* NetworkConnectionPanel.m in Sources */,
				B4FE0F8C13F8EE84003B45E3 /* FileSystemItem.m in Sources */,
				B47B332113F9A32800884E4E /* FtpParams.m in Sources */,
				B4DAF08A13FA8B270000BA35 /* FtpDataSource.m in Sources */,
			);
			runOnlyForDeploymentPostprocessing = 0;
		};
		B4074E9E13ECD09900438E01 /* Sources */ = {
			isa = PBXSourcesBuildPhase;
			buildActionMask = 2147483647;
			files = (
				B4074EB213ECD09900438E01 /* XManagerTests.m in Sources */,
			);
			runOnlyForDeploymentPostprocessing = 0;
		};
/* End PBXSourcesBuildPhase section */

/* Begin PBXTargetDependency section */
		B4074EA813ECD09900438E01 /* PBXTargetDependency */ = {
			isa = PBXTargetDependency;
			target = B4074E8113ECD09800438E01 /* XManager */;
			targetProxy = B4074EA713ECD09900438E01 /* PBXContainerItemProxy */;
		};
/* End PBXTargetDependency section */

/* Begin PBXVariantGroup section */
		B4074E8F13ECD09900438E01 /* InfoPlist.strings */ = {
			isa = PBXVariantGroup;
			children = (
				B4074E9013ECD09900438E01 /* en */,
			);
			name = InfoPlist.strings;
			sourceTree = "<group>";
		};
		B4074E9513ECD09900438E01 /* Credits.rtf */ = {
			isa = PBXVariantGroup;
			children = (
				B4074E9613ECD09900438E01 /* en */,
			);
			name = Credits.rtf;
			sourceTree = "<group>";
		};
		B4074E9B13ECD09900438E01 /* MainMenu.xib */ = {
			isa = PBXVariantGroup;
			children = (
				B4074E9C13ECD09900438E01 /* en */,
			);
			name = MainMenu.xib;
			sourceTree = "<group>";
		};
		B4074EAC13ECD09900438E01 /* InfoPlist.strings */ = {
			isa = PBXVariantGroup;
			children = (
				B4074EAD13ECD09900438E01 /* en */,
			);
			name = InfoPlist.strings;
			sourceTree = "<group>";
		};
/* End PBXVariantGroup section */

/* Begin XCBuildConfiguration section */
		B4074EB313ECD09900438E01 /* Debug */ = {
			isa = XCBuildConfiguration;
			buildSettings = {
				ALWAYS_SEARCH_USER_PATHS = NO;
				ARCHS = "$(ARCHS_STANDARD_64_BIT)";
				COPY_PHASE_STRIP = NO;
				GCC_C_LANGUAGE_STANDARD = gnu99;
				GCC_DYNAMIC_NO_PIC = NO;
				GCC_ENABLE_OBJC_EXCEPTIONS = YES;
				GCC_OPTIMIZATION_LEVEL = 0;
				GCC_PREPROCESSOR_DEFINITIONS = (
					"DEBUG=1",
					"$(inherited)",
				);
				GCC_SYMBOLS_PRIVATE_EXTERN = NO;
				GCC_VERSION = com.apple.compilers.llvm.clang.1_0;
				GCC_WARN_64_TO_32_BIT_CONVERSION = YES;
				GCC_WARN_ABOUT_MISSING_PROTOTYPES = YES;
				GCC_WARN_ABOUT_RETURN_TYPE = YES;
				GCC_WARN_UNUSED_VARIABLE = YES;
				MACOSX_DEPLOYMENT_TARGET = 10.7;
				ONLY_ACTIVE_ARCH = YES;
				SDKROOT = macosx;
			};
			name = Debug;
		};
		B4074EB413ECD09900438E01 /* Release */ = {
			isa = XCBuildConfiguration;
			buildSettings = {
				ALWAYS_SEARCH_USER_PATHS = NO;
				ARCHS = "$(ARCHS_STANDARD_64_BIT)";
				COPY_PHASE_STRIP = YES;
				DEBUG_INFORMATION_FORMAT = "dwarf-with-dsym";
				GCC_C_LANGUAGE_STANDARD = gnu99;
				GCC_ENABLE_OBJC_EXCEPTIONS = YES;
				GCC_VERSION = com.apple.compilers.llvm.clang.1_0;
				GCC_WARN_64_TO_32_BIT_CONVERSION = YES;
				GCC_WARN_ABOUT_MISSING_PROTOTYPES = YES;
				GCC_WARN_ABOUT_RETURN_TYPE = YES;
				GCC_WARN_UNUSED_VARIABLE = YES;
				MACOSX_DEPLOYMENT_TARGET = 10.7;
				SDKROOT = macosx;
			};
			name = Release;
		};
		B4074EB613ECD09900438E01 /* Debug */ = {
			isa = XCBuildConfiguration;
			buildSettings = {
				GCC_PRECOMPILE_PREFIX_HEADER = YES;
				GCC_PREFIX_HEADER = "XManager/XManager-Prefix.pch";
				INFOPLIST_FILE = "XManager/XManager-Info.plist";
				PRODUCT_NAME = "$(TARGET_NAME)";
				WRAPPER_EXTENSION = app;
			};
			name = Debug;
		};
		B4074EB713ECD09900438E01 /* Release */ = {
			isa = XCBuildConfiguration;
			buildSettings = {
				GCC_PRECOMPILE_PREFIX_HEADER = YES;
				GCC_PREFIX_HEADER = "XManager/XManager-Prefix.pch";
				INFOPLIST_FILE = "XManager/XManager-Info.plist";
				PRODUCT_NAME = "$(TARGET_NAME)";
				WRAPPER_EXTENSION = app;
			};
			name = Release;
		};
		B4074EB913ECD09900438E01 /* Debug */ = {
			isa = XCBuildConfiguration;
			buildSettings = {
				BUNDLE_LOADER = "$(BUILT_PRODUCTS_DIR)/XManager.app/Contents/MacOS/XManager";
				FRAMEWORK_SEARCH_PATHS = "$(DEVELOPER_LIBRARY_DIR)/Frameworks";
				GCC_PRECOMPILE_PREFIX_HEADER = YES;
				GCC_PREFIX_HEADER = "XManager/XManager-Prefix.pch";
				INFOPLIST_FILE = "XManagerTests/XManagerTests-Info.plist";
				PRODUCT_NAME = "$(TARGET_NAME)";
				TEST_HOST = "$(BUNDLE_LOADER)";
				WRAPPER_EXTENSION = octest;
			};
			name = Debug;
		};
		B4074EBA13ECD09900438E01 /* Release */ = {
			isa = XCBuildConfiguration;
			buildSettings = {
				BUNDLE_LOADER = "$(BUILT_PRODUCTS_DIR)/XManager.app/Contents/MacOS/XManager";
				FRAMEWORK_SEARCH_PATHS = "$(DEVELOPER_LIBRARY_DIR)/Frameworks";
				GCC_PRECOMPILE_PREFIX_HEADER = YES;
				GCC_PREFIX_HEADER = "XManager/XManager-Prefix.pch";
				INFOPLIST_FILE = "XManagerTests/XManagerTests-Info.plist";
				PRODUCT_NAME = "$(TARGET_NAME)";
				TEST_HOST = "$(BUNDLE_LOADER)";
				WRAPPER_EXTENSION = octest;
			};
			name = Release;
		};
/* End XCBuildConfiguration section */

/* Begin XCConfigurationList section */
		B4074E7C13ECD09800438E01 /* Build configuration list for PBXProject "XManager" */ = {
			isa = XCConfigurationList;
			buildConfigurations = (
				B4074EB313ECD09900438E01 /* Debug */,
				B4074EB413ECD09900438E01 /* Release */,
			);
			defaultConfigurationIsVisible = 0;
			defaultConfigurationName = Release;
		};
		B4074EB513ECD09900438E01 /* Build configuration list for PBXNativeTarget "XManager" */ = {
			isa = XCConfigurationList;
			buildConfigurations = (
				B4074EB613ECD09900438E01 /* Debug */,
				B4074EB713ECD09900438E01 /* Release */,
			);
			defaultConfigurationIsVisible = 0;
			defaultConfigurationName = Release;
		};
		B4074EB813ECD09900438E01 /* Build configuration list for PBXNativeTarget "XManagerTests" */ = {
			isa = XCConfigurationList;
			buildConfigurations = (
				B4074EB913ECD09900438E01 /* Debug */,
				B4074EBA13ECD09900438E01 /* Release */,
			);
			defaultConfigurationIsVisible = 0;
			defaultConfigurationName = Release;
		};
/* End XCConfigurationList section */
	};
	rootObject = B4074E7913ECD09800438E01 /* Project object */;
}
